{
  "name": "scstd-analysis",
  "lockfileVersion": 3,
  "requires": true,
  "packages": {
    "": {
      "name": "scstd-analysis",
      "devDependencies": {
        "@strudel/core": "1.2.6",
        "@strudel/mini": "1.2.6",
        "@strudel/transpiler": "1.2.6"
      }
    },
    "node_modules/@kabelsalat/core": {
      "version": "0.4.0",
      "resolved": "https://registry.npmjs.org/@kabelsalat/core/-/core-0.4.0.tgz",
      "integrity": "sha512-5zV8nh8HffW8aexObXs5pE0xgL0jb1cHc3o8UN6AvK0mBt87fjZvW65E4rMslHyq+OuCscoBJW7B3MbYfWrwMQ==",
      "dev": true,
      "license": "AGPL-3.0-or-later"
    },
    "node_modules/@kabelsalat/lib": {
      "version": "0.4.1",
      "resolved": "https://registry.npmjs.org/@kabelsalat/lib/-/lib-0.4.1.tgz",
      "integrity": "sha512-gBCjrZKD9huTKNJuBC6BXM4PMQSg8otL8A/vp8j98P9v6yWTX1TuyaqdLg/1PrIAMV4hlWoav9ZD3YMFlrvouw==",
      "dev": true,
      "license": "AGPL-3.0-or-later",
      "dependencies": {
        "@kabelsalat/core": "0.4.0"
      }
    },
    "node_modules/@kabelsalat/web": {
      "version": "0.4.1",
      "resolved": "https://registry.npmjs.org/@kabelsalat/web/-/web-0.4.1.tgz",
      "integrity": "sha512-ASkFhePJLx3GjadYOueI7sHKXBbRPk/a1pfslFeQNI9gU7yZq/KrnkmOmLrgrtixAsy7gyi1vWqkmRRvH3Ki6w==",
      "dev": true,
      "license": "AGPL-3.0-or-later",
      "dependencies": {
        "@kabelsalat/core": "0.4.0",
        "@kabelsalat/lib": "0.4.1"
      }
    },
    "node_modules/@strudel/core": {
      "version": "1.2.6",
      "resolved": "https://registry.npmjs.org/@strudel/core/-/core-1.2.6.tgz",
      "integrity": "sha512-FA5Kxv3U+UhNRLIeuEpXck2o2J5AjHZbkAdSAK9Q2N3Az1G9Vnc+bXXfgDFyY3yRH9mXXQvTerz8jr876pGGng==",
      "dev": true,
      "license": "AGPL-3.0-or-later",
      "dependencies": {
        "@kabelsalat/web": "^0.4.1",
        "fraction.js": "^5.2.1"
      },
      "engines": {
        "node": ">=18.0.0"
      }
    },
    "node_modules/@strudel/mini": {
      "version": "1.2.6",
      "resolved": "https://registry.npmjs.org/@strudel/mini/-/mini-1.2.6.tgz",
      "integrity": "sha512-I5GFPLHI3TPcJuD2RdDcurA+lTogaSQ0TB+EimKTgEtSAbU6ZMEkSUOXZIFO5eaAcJcMucgKaBcmTKpD4oZjPA==",
      "dev": true,
      "license": "AGPL-3.0-or-later",
      "dependencies": {
        "@strudel/core": "1.2.6"
      },
      "engines": {
        "node": ">=18.0.0"
      }
    },
    "node_modules/@strudel/transpiler": {
      "version": "1.2.6",
      "resolved": "https://registry.npmjs.org/@strudel/transpiler/-/transpiler-1.2.6.tgz",
      "integrity": "sha512-NzmyQDS4BqjafOPzHGFowxILDx3ZRAPD47YszxNaPB7PggMA2rMo9t3rLz80G0GxA0ZAyMbVMR3px9jDWnJ5hg==",
      "dev": true,
      "license": "AGPL-3.0-or-later",
      "dependencies": {
        "@strudel/core": "1.2.6",
        "@strudel/mini": "1.2.6",
        "acorn": "^8.14.0",
        "escodegen": "^2.1.0",
        "estree-walker": "^3.0.3"
      },
      "engines": {
        "node": ">=18.0.0"
      }
    },
    "node_modules/@types/estree": {
      "version": "1.0.9",
      "resolved": "https://registry.npmjs.org/@types/estree/-/estree-1.0.9.tgz",
      "integrity": "sha512-GhdPgy1el4/ImP05X05Uw4cw2/M93BCUmnEvWZNStlCzEKME4Fkk+YpoA5OiHNQmoS7Cafb8Xa3Pya8m1Qrzeg==",
      "dev": true,
      "license": "MIT"
    },
    "node_modules/acorn": {
      "version": "8.18.0",
      "resolved": "https://registry.npmjs.org/acorn/-/acorn-8.18.0.tgz",
      "integrity": "sha512-lGq+9yr1/GuAWaVYIHRjvvySG5/4VfKIvC8EWxStPdcDh/Ka7FG3twP6v4d5BkravUilhIAsG4Qj83t02LWUPQ==",
      "dev": true,
      "license": "MIT",
      "bin": {
        "acorn": "bin/acorn"
      },
      "engines": {
        "node": ">=0.4.0"
      }
    },
    "node_modules/escodegen": {
      "version": "2.1.0",
      "resolved": "https://registry.npmjs.org/escodegen/-/escodegen-2.1.0.tgz",
      "integrity": "sha512-2NlIDTwUWJN0mRPQOdtQBzbUHvdGY2P1VXSyU83Q3xKxM7WHX2Ql8dKq782Q9TgQUNOLEzEYu9bzLNj1q88I5w==",
      "dev": true,
      "license": "BSD-2-Clause",
      "dependencies": {
        "esprima": "^4.0.1",
        "estraverse": "^5.2.0",
        "esutils": "^2.0.2"
      },
      "bin": {
        "escodegen": "bin/escodegen.js",
        "esgenerate": "bin/esgenerate.js"
      },
      "engines": {
        "node": ">=6.0"
      },
      "optionalDependencies": {
        "source-map": "~0.6.1"
      }
    },
    "node_modules/esprima": {
      "version": "4.0.1",
      "resolved": "https://registry.npmjs.org/esprima/-/esprima-4.0.1.tgz",
      "integrity": "sha512-eGuFFw7Upda+g4p+QHvnW0RyTX/SVeJBDM/gCtMARO0cLuT2HcEKnTPvhjV6aGeqrCB/sbNop0Kszm0jsaWU4A==",
      "dev": true,
      "license": "BSD-2-Clause",
      "bin": {
        "esparse": "bin/esparse.js",
        "esvalidate": "bin/esvalidate.js"
      },
      "engines": {
        "node": ">=4"
      }
    },
    "node_modules/estraverse": {
      "version": "5.3.0",
      "resolved": "https://registry.npmjs.org/estraverse/-/estraverse-5.3.0.tgz",
      "integrity": "sha512-MMdARuVEQziNTeJD8DgMqmhwR11BRQ/cBP+pLtYdSTnf3MIO8fFeiINEbX36ZdNlfU/7A9f3gUw49B3oQsvwBA==",
      "dev": true,
      "license": "BSD-2-Clause",
      "engines": {
        "node": ">=4.0"
      }
    },
    "node_modules/estree-walker": {
      "version": "3.0.3",
      "resolved": "https://registry.npmjs.org/estree-walker/-/estree-walker-3.0.3.tgz",
      "integrity": "sha512-7RUKfXgSMMkzt6ZuXmqapOurLGPPfgj6l9uRZ7lRGolvk0y2yocc35LdcxKC5PQZdn2DMqioAQ2NoWcrTKmm6g==",
      "dev": true,
      "license": "MIT",
      "dependencies": {
        "@types/estree": "^1.0.0"
      }
    },
    "node_modules/esutils": {
      "version": "2.0.3",
      "resolved": "https://registry.npmjs.org/esutils/-/esutils-2.0.3.tgz",
      "integrity": "sha512-kVscqXk4OCp68SZ0dkgEKVi6/8ij300KBWTJq32P/dYeWTSwK41WyTxalN1eRmA5Z9UU/LX9D7FWSmV9SAYx6g==",
      "dev": true,
      "license": "BSD-2-Clause",
      "engines": {
        "node": ">=0.10.0"
      }
    },
    "node_modules/fraction.js": {
      "version": "5.3.4",
      "resolved": "https://registry.npmjs.org/fraction.js/-/fraction.js-5.3.4.tgz",
      "integrity": "sha512-1X1NTtiJphryn/uLQz3whtY6jK3fTqoE3ohKs0tT+Ujr1W59oopxmoEh7Lu5p6vBaPbgoM0bzveAW4Qi5RyWDQ==",
      "dev": true,
      "license": "MIT",
      "engines": {
        "node": "*"
      },
      "funding": {
        "type": "github",
        "url": "https://github.com/sponsors/rawify"
      }
    },
    "node_modules/source-map": {
      "version": "0.6.1",
      "resolved": "https://registry.npmjs.org/source-map/-/source-map-0.6.1.tgz",
      "integrity": "sha512-UjgapumWlbMhkBgzT7Ykc5YXUT46F0iKu8SGXq0bcwP5dz/h0Plj6enJqjz1Zbq2l5WaqYnrVbwWOWMyF3F47g==",
      "dev": true,
      "license": "BSD-3-Clause",
      "optional": true,
      "engines": {
        "node": ">=0.10.0"
      }
    }
  }
}
